
Microsoft Visual Studio Solution File, Format Version 12.00
# Visual Studio 15
Project("{FAE04EC0-301F-11D3-BF4B-00C04F79EFBC}") = "api-auth-csharp-client", "api-auth-csharp-client.csproj", "{4E431CB4-F988-4BC3-9C0F-84ACE9BAC7C2}"
EndProject
Global
	GlobalSection(SolutionConfigurationPlatforms) = preSolution
		Debug|Any CPU = Debug|Any CPU
		Release|Any CPU = Release|Any CPU
	EndGlobalSection
	GlobalSection(ProjectConfigurationPlatforms) = postSolution
		{4E431CB4-F988-4BC3-9C0F-84ACE9BAC7C2}.Debug|Any CPU.ActiveCfg = Debug|Any CPU
		{4E431CB4-F988-4BC3-9C0F-84ACE9BAC7C2}.Debug|Any CPU.Build.0 = Debug|Any CPU
		{4E431CB4-F988-4BC3-9C0F-84ACE9BAC7C2}.Release|Any CPU.ActiveCfg = Release|Any CPU
		{4E431CB4-F988-4BC3-9C0F-84ACE9BAC7C2}.Release|Any CPU.Build.0 = Release|Any CPU
	EndGlobalSection
EndGlobal
